// !$*UTF8*$!
{
	archiveVersion = 1;
	classes = {
	};
	objectVersion = 56;
	objects = {

/* Begin PBXBuildFile section */
		FC3895752CC659C400BA2784 /* AppDelegate.swift in Sources */ = {isa = PBXBuildFile; fileRef = FC3895742CC659C400BA2784 /* AppDelegate.swift */; };
		FC3895772CC659C400BA2784 /* SceneDelegate.swift in Sources */ = {isa = PBXBuildFile; fileRef = FC3895762CC659C400BA2784 /* SceneDelegate.swift */; };
		FC38957E2CC659C600BA2784 /* Assets.xcassets in Resources */ = {isa = PBXBuildFile; fileRef = FC38957D2CC659C600BA2784 /* Assets.xcassets */; };
		FC3895812CC659C600BA2784 /* Base in Resources */ = {isa = PBXBuildFile; fileRef = FC3895802CC659C600BA2784 /* Base */; };
		FC38958C2CC65A5A00BA2784 /* Localizable.xcstrings in Resources */ = {isa = PBXBuildFile; fileRef = FC38958B2CC65A5A00BA2784 /* Localizable.xcstrings */; };
		FC3895962CC65AEA00BA2784 /* Manrope-Medium.ttf in Resources */ = {isa = PBXBuildFile; fileRef = FC38958F2CC65AEA00BA2784 /* Manrope-Medium.ttf */; };
		FC3895972CC65AEA00BA2784 /* Manrope-SemiBold.ttf in Resources */ = {isa = PBXBuildFile; fileRef = FC3895902CC65AEA00BA2784 /* Manrope-SemiBold.ttf */; };
		FC3895982CC65AEA00BA2784 /* Manrope-Bold.ttf in Resources */ = {isa = PBXBuildFile; fileRef = FC3895912CC65AEA00BA2784 /* Manrope-Bold.ttf */; };
		FC3895992CC65AEA00BA2784 /* Manrope-Regular.ttf in Resources */ = {isa = PBXBuildFile; fileRef = FC3895922CC65AEA00BA2784 /* Manrope-Regular.ttf */; };
		FC38959A2CC65AEA00BA2784 /* Manrope-Light.ttf in Resources */ = {isa = PBXBuildFile; fileRef = FC3895932CC65AEA00BA2784 /* Manrope-Light.ttf */; };
		FC38959B2CC65AEA00BA2784 /* Manrope-ExtraLight.ttf in Resources */ = {isa = PBXBuildFile; fileRef = FC3895942CC65AEA00BA2784 /* Manrope-ExtraLight.ttf */; };
		FC38959C2CC65AEA00BA2784 /* Manrope-ExtraBold.ttf in Resources */ = {isa = PBXBuildFile; fileRef = FC3895952CC65AEA00BA2784 /* Manrope-ExtraBold.ttf */; };
		FC3895A02CC65E6900BA2784 /* AppRouter.swift in Sources */ = {isa = PBXBuildFile; fileRef = FC38959F2CC65E6900BA2784 /* AppRouter.swift */; };
		FC3895A32CC65E7500BA2784 /* KeychainAccess in Frameworks */ = {isa = PBXBuildFile; productRef = FC3895A22CC65E7500BA2784 /* KeychainAccess */; };
		FC3895BA2CC6606F00BA2784 /* WelcomeViewController.swift in Sources */ = {isa = PBXBuildFile; fileRef = FC3895B92CC6606F00BA2784 /* WelcomeViewController.swift */; };
		FC3895BC2CC6607700BA2784 /* SignInViewController.swift in Sources */ = {isa = PBXBuildFile; fileRef = FC3895BB2CC6607700BA2784 /* SignInViewController.swift */; };
		FC3895BE2CC6607E00BA2784 /* SignUpViewController.swift in Sources */ = {isa = PBXBuildFile; fileRef = FC3895BD2CC6607E00BA2784 /* SignUpViewController.swift */; };
		FC3895C02CC6608800BA2784 /* FeedViewController.swift in Sources */ = {isa = PBXBuildFile; fileRef = FC3895BF2CC6608800BA2784 /* FeedViewController.swift */; };
		FC3895C22CC6609300BA2784 /* MoviesViewController.swift in Sources */ = {isa = PBXBuildFile; fileRef = FC3895C12CC6609300BA2784 /* MoviesViewController.swift */; };
		FC3895C42CC6609F00BA2784 /* FavouritesViewController.swift in Sources */ = {isa = PBXBuildFile; fileRef = FC3895C32CC6609F00BA2784 /* FavouritesViewController.swift */; };
		FC3895C62CC660AA00BA2784 /* ProfileViewController.swift in Sources */ = {isa = PBXBuildFile; fileRef = FC3895C52CC660AA00BA2784 /* ProfileViewController.swift */; };
		FC3895C82CC660D400BA2784 /* WelcomeViewModel.swift in Sources */ = {isa = PBXBuildFile; fileRef = FC3895C72CC660D400BA2784 /* WelcomeViewModel.swift */; };
		FC3895CA2CC660DA00BA2784 /* SignInViewModel.swift in Sources */ = {isa = PBXBuildFile; fileRef = FC3895C92CC660DA00BA2784 /* SignInViewModel.swift */; };
		FC3895CC2CC660E300BA2784 /* SignUpViewModel.swift in Sources */ = {isa = PBXBuildFile; fileRef = FC3895CB2CC660E300BA2784 /* SignUpViewModel.swift */; };
		FC3895CE2CC660E800BA2784 /* FeedViewModel.swift in Sources */ = {isa = PBXBuildFile; fileRef = FC3895CD2CC660E800BA2784 /* FeedViewModel.swift */; };
		FC3895D02CC660EE00BA2784 /* MoviesViewModel.swift in Sources */ = {isa = PBXBuildFile; fileRef = FC3895CF2CC660EE00BA2784 /* MoviesViewModel.swift */; };
		FC3895D22CC660F700BA2784 /* FavouritesViewModel.swift in Sources */ = {isa = PBXBuildFile; fileRef = FC3895D12CC660F700BA2784 /* FavouritesViewModel.swift */; };
		FC3895D42CC660FF00BA2784 /* ProfileViewModel.swift in Sources */ = {isa = PBXBuildFile; fileRef = FC3895D32CC660FF00BA2784 /* ProfileViewModel.swift */; };
		FC3895D62CC6611D00BA2784 /* CustomButton.swift in Sources */ = {isa = PBXBuildFile; fileRef = FC3895D52CC6611D00BA2784 /* CustomButton.swift */; };
		FC3895D92CC6614200BA2784 /* SnapKit in Frameworks */ = {isa = PBXBuildFile; productRef = FC3895D82CC6614200BA2784 /* SnapKit */; };
		FC3895DB2CC6614200BA2784 /* SnapKit-Dynamic in Frameworks */ = {isa = PBXBuildFile; productRef = FC3895DA2CC6614200BA2784 /* SnapKit-Dynamic */; };
		FC3895DD2CC6634600BA2784 /* LocalizedString.swift in Sources */ = {isa = PBXBuildFile; fileRef = FC3895DC2CC6634600BA2784 /* LocalizedString.swift */; };
/* End PBXBuildFile section */

/* Begin PBXFileReference section */
		FC3895712CC659C400BA2784 /* Movie-Catalog.app */ = {isa = PBXFileReference; explicitFileType = wrapper.application; includeInIndex = 0; path = "Movie-Catalog.app"; sourceTree = BUILT_PRODUCTS_DIR; };
		FC3895742CC659C400BA2784 /* AppDelegate.swift */ = {isa = PBXFileReference; lastKnownFileType = sourcecode.swift; path = AppDelegate.swift; sourceTree = "<group>"; };
		FC3895762CC659C400BA2784 /* SceneDelegate.swift */ = {isa = PBXFileReference; lastKnownFileType = sourcecode.swift; path = SceneDelegate.swift; sourceTree = "<group>"; };
		FC38957D2CC659C600BA2784 /* Assets.xcassets */ = {isa = PBXFileReference; lastKnownFileType = folder.assetcatalog; path = Assets.xcassets; sourceTree = "<group>"; };
		FC3895802CC659C600BA2784 /* Base */ = {isa = PBXFileReference; lastKnownFileType = file.storyboard; name = Base; path = Base.lproj/LaunchScreen.storyboard; sourceTree = "<group>"; };
		FC3895822CC659C600BA2784 /* Info.plist */ = {isa = PBXFileReference; lastKnownFileType = text.plist.xml; path = Info.plist; sourceTree = "<group>"; };
		FC38958B2CC65A5A00BA2784 /* Localizable.xcstrings */ = {isa = PBXFileReference; lastKnownFileType = text.json.xcstrings; path = Localizable.xcstrings; sourceTree = "<group>"; };
		FC38958F2CC65AEA00BA2784 /* Manrope-Medium.ttf */ = {isa = PBXFileReference; lastKnownFileType = file; path = "Manrope-Medium.ttf"; sourceTree = "<group>"; };
		FC3895902CC65AEA00BA2784 /* Manrope-SemiBold.ttf */ = {isa = PBXFileReference; lastKnownFileType = file; path = "Manrope-SemiBold.ttf"; sourceTree = "<group>"; };
		FC3895912CC65AEA00BA2784 /* Manrope-Bold.ttf */ = {isa = PBXFileReference; lastKnownFileType = file; path = "Manrope-Bold.ttf"; sourceTree = "<group>"; };
		FC3895922CC65AEA00BA2784 /* Manrope-Regular.ttf */ = {isa = PBXFileReference; lastKnownFileType = file; path = "Manrope-Regular.ttf"; sourceTree = "<group>"; };
		FC3895932CC65AEA00BA2784 /* Manrope-Light.ttf */ = {isa = PBXFileReference; lastKnownFileType = file; path = "Manrope-Light.ttf"; sourceTree = "<group>"; };
		FC3895942CC65AEA00BA2784 /* Manrope-ExtraLight.ttf */ = {isa = PBXFileReference; lastKnownFileType = file; path = "Manrope-ExtraLight.ttf"; sourceTree = "<group>"; };
		FC3895952CC65AEA00BA2784 /* Manrope-ExtraBold.ttf */ = {isa = PBXFileReference; lastKnownFileType = file; path = "Manrope-ExtraBold.ttf"; sourceTree = "<group>"; };
		FC38959F2CC65E6900BA2784 /* AppRouter.swift */ = {isa = PBXFileReference; lastKnownFileType = sourcecode.swift; path = AppRouter.swift; sourceTree = "<group>"; };
		FC3895B92CC6606F00BA2784 /* WelcomeViewController.swift */ = {isa = PBXFileReference; lastKnownFileType = sourcecode.swift; path = WelcomeViewController.swift; sourceTree = "<group>"; };
		FC3895BB2CC6607700BA2784 /* SignInViewController.swift */ = {isa = PBXFileReference; lastKnownFileType = sourcecode.swift; path = SignInViewController.swift; sourceTree = "<group>"; };
		FC3895BD2CC6607E00BA2784 /* SignUpViewController.swift */ = {isa = PBXFileReference; lastKnownFileType = sourcecode.swift; path = SignUpViewController.swift; sourceTree = "<group>"; };
		FC3895BF2CC6608800BA2784 /* FeedViewController.swift */ = {isa = PBXFileReference; lastKnownFileType = sourcecode.swift; path = FeedViewController.swift; sourceTree = "<group>"; };
		FC3895C12CC6609300BA2784 /* MoviesViewController.swift */ = {isa = PBXFileReference; lastKnownFileType = sourcecode.swift; path = MoviesViewController.swift; sourceTree = "<group>"; };
		FC3895C32CC6609F00BA2784 /* FavouritesViewController.swift */ = {isa = PBXFileReference; lastKnownFileType = sourcecode.swift; path = FavouritesViewController.swift; sourceTree = "<group>"; };
		FC3895C52CC660AA00BA2784 /* ProfileViewController.swift */ = {isa = PBXFileReference; lastKnownFileType = sourcecode.swift; path = ProfileViewController.swift; sourceTree = "<group>"; };
		FC3895C72CC660D400BA2784 /* WelcomeViewModel.swift */ = {isa = PBXFileReference; lastKnownFileType = sourcecode.swift; path = WelcomeViewModel.swift; sourceTree = "<group>"; };
		FC3895C92CC660DA00BA2784 /* SignInViewModel.swift */ = {isa = PBXFileReference; lastKnownFileType = sourcecode.swift; path = SignInViewModel.swift; sourceTree = "<group>"; };
		FC3895CB2CC660E300BA2784 /* SignUpViewModel.swift */ = {isa = PBXFileReference; lastKnownFileType = sourcecode.swift; path = SignUpViewModel.swift; sourceTree = "<group>"; };
		FC3895CD2CC660E800BA2784 /* FeedViewModel.swift */ = {isa = PBXFileReference; lastKnownFileType = sourcecode.swift; path = FeedViewModel.swift; sourceTree = "<group>"; };
		FC3895CF2CC660EE00BA2784 /* MoviesViewModel.swift */ = {isa = PBXFileReference; lastKnownFileType = sourcecode.swift; path = MoviesViewModel.swift; sourceTree = "<group>"; };
		FC3895D12CC660F700BA2784 /* FavouritesViewModel.swift */ = {isa = PBXFileReference; lastKnownFileType = sourcecode.swift; path = FavouritesViewModel.swift; sourceTree = "<group>"; };
		FC3895D32CC660FF00BA2784 /* ProfileViewModel.swift */ = {isa = PBXFileReference; lastKnownFileType = sourcecode.swift; path = ProfileViewModel.swift; sourceTree = "<group>"; };
		FC3895D52CC6611D00BA2784 /* CustomButton.swift */ = {isa = PBXFileReference; lastKnownFileType = sourcecode.swift; path = CustomButton.swift; sourceTree = "<group>"; };
		FC3895DC2CC6634600BA2784 /* LocalizedString.swift */ = {isa = PBXFileReference; lastKnownFileType = sourcecode.swift; path = LocalizedString.swift; sourceTree = "<group>"; };
/* End PBXFileReference section */

/* Begin PBXFrameworksBuildPhase section */
		FC38956E2CC659C400BA2784 /* Frameworks */ = {
			isa = PBXFrameworksBuildPhase;
			buildActionMask = 2147483647;
			files = (
				FC3895A32CC65E7500BA2784 /* KeychainAccess in Frameworks */,
				FC3895D92CC6614200BA2784 /* SnapKit in Frameworks */,
				FC3895DB2CC6614200BA2784 /* SnapKit-Dynamic in Frameworks */,
			);
			runOnlyForDeploymentPostprocessing = 0;
		};
/* End PBXFrameworksBuildPhase section */

/* Begin PBXGroup section */
		FC3895682CC659C400BA2784 = {
			isa = PBXGroup;
			children = (
				FC3895732CC659C400BA2784 /* Movie-Catalog */,
				FC3895722CC659C400BA2784 /* Products */,
			);
			sourceTree = "<group>";
		};
		FC3895722CC659C400BA2784 /* Products */ = {
			isa = PBXGroup;
			children = (
				FC3895712CC659C400BA2784 /* Movie-Catalog.app */,
			);
			name = Products;
			sourceTree = "<group>";
		};
		FC3895732CC659C400BA2784 /* Movie-Catalog */ = {
			isa = PBXGroup;
			children = (
				FC3895AF2CC65FAA00BA2784 /* Extensions */,
				FC3895892CC65A1000BA2784 /* App */,
				FC3895B02CC65FB800BA2784 /* Domain */,
				FC3895B12CC65FC100BA2784 /* Data */,
				FC38959D2CC65E5800BA2784 /* Presentation */,
				FC38958A2CC65A3700BA2784 /* Resources */,
			);
			path = "Movie-Catalog";
			sourceTree = "<group>";
		};
		FC3895892CC65A1000BA2784 /* App */ = {
			isa = PBXGroup;
			children = (
				FC3895742CC659C400BA2784 /* AppDelegate.swift */,
				FC3895762CC659C400BA2784 /* SceneDelegate.swift */,
			);
			path = App;
			sourceTree = "<group>";
		};
		FC38958A2CC65A3700BA2784 /* Resources */ = {
			isa = PBXGroup;
			children = (
				FC38958D2CC65AA700BA2784 /* Fonts */,
				FC38957F2CC659C600BA2784 /* LaunchScreen.storyboard */,
				FC38957D2CC659C600BA2784 /* Assets.xcassets */,
				FC3895822CC659C600BA2784 /* Info.plist */,
				FC38958B2CC65A5A00BA2784 /* Localizable.xcstrings */,
				FC3895DC2CC6634600BA2784 /* LocalizedString.swift */,
			);
			path = Resources;
			sourceTree = "<group>";
		};
		FC38958D2CC65AA700BA2784 /* Fonts */ = {
			isa = PBXGroup;
			children = (
				FC38958E2CC65ABF00BA2784 /* Manrope */,
			);
			path = Fonts;
			sourceTree = "<group>";
		};
		FC38958E2CC65ABF00BA2784 /* Manrope */ = {
			isa = PBXGroup;
			children = (
				FC3895912CC65AEA00BA2784 /* Manrope-Bold.ttf */,
				FC3895952CC65AEA00BA2784 /* Manrope-ExtraBold.ttf */,
				FC3895942CC65AEA00BA2784 /* Manrope-ExtraLight.ttf */,
				FC3895932CC65AEA00BA2784 /* Manrope-Light.ttf */,
				FC38958F2CC65AEA00BA2784 /* Manrope-Medium.ttf */,
				FC3895922CC65AEA00BA2784 /* Manrope-Regular.ttf */,
				FC3895902CC65AEA00BA2784 /* Manrope-SemiBold.ttf */,
			);
			path = Manrope;
			sourceTree = "<group>";
		};
		FC38959D2CC65E5800BA2784 /* Presentation */ = {
			isa = PBXGroup;
			children = (
				FC3895A42CC65EB800BA2784 /* Welcome */,
				FC3895A52CC65EBE00BA2784 /* Authorization */,
				FC3895A62CC65ECD00BA2784 /* Main */,
				FC3895AE2CC65F4D00BA2784 /* Components */,
				FC38959E2CC65E6300BA2784 /* Routers */,
			);
			path = Presentation;
			sourceTree = "<group>";
		};
		FC38959E2CC65E6300BA2784 /* Routers */ = {
			isa = PBXGroup;
			children = (
				FC38959F2CC65E6900BA2784 /* AppRouter.swift */,
			);
			path = Routers;
			sourceTree = "<group>";
		};
		FC3895A42CC65EB800BA2784 /* Welcome */ = {
			isa = PBXGroup;
			children = (
				FC3895A72CC65EDE00BA2784 /* WelcomeScreen */,
			);
			path = Welcome;
			sourceTree = "<group>";
		};
		FC3895A52CC65EBE00BA2784 /* Authorization */ = {
			isa = PBXGroup;
			children = (
				FC3895A82CC65EEA00BA2784 /* SignInScreen */,
				FC3895A92CC65EF100BA2784 /* SignUpScreen */,
			);
			path = Authorization;
			sourceTree = "<group>";
		};
		FC3895A62CC65ECD00BA2784 /* Main */ = {
			isa = PBXGroup;
			children = (
				FC3895AA2CC65F1900BA2784 /* FeedScreen */,
				FC3895AB2CC65F1D00BA2784 /* MoviesScreen */,
				FC3895AC2CC65F2300BA2784 /* FavouritesScreen */,
				FC3895AD2CC65F3400BA2784 /* ProfileScreen */,
			);
			path = Main;
			sourceTree = "<group>";
		};
		FC3895A72CC65EDE00BA2784 /* WelcomeScreen */ = {
			isa = PBXGroup;
			children = (
				FC3895B92CC6606F00BA2784 /* WelcomeViewController.swift */,
				FC3895C72CC660D400BA2784 /* WelcomeViewModel.swift */,
			);
			path = WelcomeScreen;
			sourceTree = "<group>";
		};
		FC3895A82CC65EEA00BA2784 /* SignInScreen */ = {
			isa = PBXGroup;
			children = (
				FC3895BB2CC6607700BA2784 /* SignInViewController.swift */,
				FC3895C92CC660DA00BA2784 /* SignInViewModel.swift */,
			);
			path = SignInScreen;
			sourceTree = "<group>";
		};
		FC3895A92CC65EF100BA2784 /* SignUpScreen */ = {
			isa = PBXGroup;
			children = (
				FC3895BD2CC6607E00BA2784 /* SignUpViewController.swift */,
				FC3895CB2CC660E300BA2784 /* SignUpViewModel.swift */,
			);
			path = SignUpScreen;
			sourceTree = "<group>";
		};
		FC3895AA2CC65F1900BA2784 /* FeedScreen */ = {
			isa = PBXGroup;
			children = (
				FC3895BF2CC6608800BA2784 /* FeedViewController.swift */,
				FC3895CD2CC660E800BA2784 /* FeedViewModel.swift */,
			);
			path = FeedScreen;
			sourceTree = "<group>";
		};
		FC3895AB2CC65F1D00BA2784 /* MoviesScreen */ = {
			isa = PBXGroup;
			children = (
				FC3895C12CC6609300BA2784 /* MoviesViewController.swift */,
				FC3895CF2CC660EE00BA2784 /* MoviesViewModel.swift */,
			);
			path = MoviesScreen;
			sourceTree = "<group>";
		};
		FC3895AC2CC65F2300BA2784 /* FavouritesScreen */ = {
			isa = PBXGroup;
			children = (
				FC3895C32CC6609F00BA2784 /* FavouritesViewController.swift */,
				FC3895D12CC660F700BA2784 /* FavouritesViewModel.swift */,
			);
			path = FavouritesScreen;
			sourceTree = "<group>";
		};
		FC3895AD2CC65F3400BA2784 /* ProfileScreen */ = {
			isa = PBXGroup;
			children = (
				FC3895C52CC660AA00BA2784 /* ProfileViewController.swift */,
				FC3895D32CC660FF00BA2784 /* ProfileViewModel.swift */,
			);
			path = ProfileScreen;
			sourceTree = "<group>";
		};
		FC3895AE2CC65F4D00BA2784 /* Components */ = {
			isa = PBXGroup;
			children = (
				FC3895D52CC6611D00BA2784 /* CustomButton.swift */,
			);
			path = Components;
			sourceTree = "<group>";
		};
		FC3895AF2CC65FAA00BA2784 /* Extensions */ = {
			isa = PBXGroup;
			children = (
			);
			path = Extensions;
			sourceTree = "<group>";
		};
		FC3895B02CC65FB800BA2784 /* Domain */ = {
			isa = PBXGroup;
			children = (
				FC3895B22CC65FC600BA2784 /* Entities */,
				FC3895B32CC65FCB00BA2784 /* UseCases */,
				FC3895B42CC65FD500BA2784 /* Repositories */,
			);
			path = Domain;
			sourceTree = "<group>";
		};
		FC3895B12CC65FC100BA2784 /* Data */ = {
			isa = PBXGroup;
			children = (
				FC3895B52CC65FE100BA2784 /* Network */,
				FC3895B72CC65FF300BA2784 /* Models */,
				FC3895B82CC6600100BA2784 /* Repositories */,
			);
			path = Data;
			sourceTree = "<group>";
		};
		FC3895B22CC65FC600BA2784 /* Entities */ = {
			isa = PBXGroup;
			children = (
			);
			path = Entities;
			sourceTree = "<group>";
		};
		FC3895B32CC65FCB00BA2784 /* UseCases */ = {
			isa = PBXGroup;
			children = (
			);
			path = UseCases;
			sourceTree = "<group>";
		};
		FC3895B42CC65FD500BA2784 /* Repositories */ = {
			isa = PBXGroup;
			children = (
			);
			path = Repositories;
			sourceTree = "<group>";
		};
		FC3895B52CC65FE100BA2784 /* Network */ = {
			isa = PBXGroup;
			children = (
				FC3895B62CC65FE700BA2784 /* Endpoints */,
			);
			path = Network;
			sourceTree = "<group>";
		};
		FC3895B62CC65FE700BA2784 /* Endpoints */ = {
			isa = PBXGroup;
			children = (
			);
			path = Endpoints;
			sourceTree = "<group>";
		};
		FC3895B72CC65FF300BA2784 /* Models */ = {
			isa = PBXGroup;
			children = (
			);
			path = Models;
			sourceTree = "<group>";
		};
		FC3895B82CC6600100BA2784 /* Repositories */ = {
			isa = PBXGroup;
			children = (
			);
			path = Repositories;
			sourceTree = "<group>";
		};
/* End PBXGroup section */

/* Begin PBXNativeTarget section */
		FC3895702CC659C400BA2784 /* Movie-Catalog */ = {
			isa = PBXNativeTarget;
			buildConfigurationList = FC3895852CC659C600BA2784 /* Build configuration list for PBXNativeTarget "Movie-Catalog" */;
			buildPhases = (
				FC38956D2CC659C400BA2784 /* Sources */,
				FC38956E2CC659C400BA2784 /* Frameworks */,
				FC38956F2CC659C400BA2784 /* Resources */,
			);
			buildRules = (
			);
			dependencies = (
			);
			name = "Movie-Catalog";
			packageProductDependencies = (
				FC3895A22CC65E7500BA2784 /* KeychainAccess */,
				FC3895D82CC6614200BA2784 /* SnapKit */,
				FC3895DA2CC6614200BA2784 /* SnapKit-Dynamic */,
			);
			productName = "Movie-Catalog";
			productReference = FC3895712CC659C400BA2784 /* Movie-Catalog.app */;
			productType = "com.apple.product-type.application";
		};
/* End PBXNativeTarget section */

/* Begin PBXProject section */
		FC3895692CC659C400BA2784 /* Project object */ = {
			isa = PBXProject;
			attributes = {
				BuildIndependentTargetsInParallel = 1;
				LastSwiftUpdateCheck = 1540;
				LastUpgradeCheck = 1540;
				TargetAttributes = {
					FC3895702CC659C400BA2784 = {
						CreatedOnToolsVersion = 15.4;
					};
				};
			};
			buildConfigurationList = FC38956C2CC659C400BA2784 /* Build configuration list for PBXProject "Movie-Catalog" */;
			compatibilityVersion = "Xcode 14.0";
			developmentRegion = en;
			hasScannedForEncodings = 0;
			knownRegions = (
				en,
				Base,
			);
			mainGroup = FC3895682CC659C400BA2784;
			packageReferences = (
				FC3895A12CC65E7500BA2784 /* XCRemoteSwiftPackageReference "KeychainAccess" */,
				FC3895D72CC6614200BA2784 /* XCRemoteSwiftPackageReference "SnapKit" */,
			);
			productRefGroup = FC3895722CC659C400BA2784 /* Products */;
			projectDirPath = "";
			projectRoot = "";
			targets = (
				FC3895702CC659C400BA2784 /* Movie-Catalog */,
			);
		};
/* End PBXProject section */

/* Begin PBXResourcesBuildPhase section */
		FC38956F2CC659C400BA2784 /* Resources */ = {
			isa = PBXResourcesBuildPhase;
			buildActionMask = 2147483647;
			files = (
				FC3895972CC65AEA00BA2784 /* Manrope-SemiBold.ttf in Resources */,
				FC38957E2CC659C600BA2784 /* Assets.xcassets in Resources */,
				FC3895812CC659C600BA2784 /* Base in Resources */,
				FC3895962CC65AEA00BA2784 /* Manrope-Medium.ttf in Resources */,
				FC38959A2CC65AEA00BA2784 /* Manrope-Light.ttf in Resources */,
				FC38959C2CC65AEA00BA2784 /* Manrope-ExtraBold.ttf in Resources */,
				FC3895982CC65AEA00BA2784 /* Manrope-Bold.ttf in Resources */,
				FC38958C2CC65A5A00BA2784 /* Localizable.xcstrings in Resources */,
				FC38959B2CC65AEA00BA2784 /* Manrope-ExtraLight.ttf in Resources */,
				FC3895992CC65AEA00BA2784 /* Manrope-Regular.ttf in Resources */,
			);
			runOnlyForDeploymentPostprocessing = 0;
		};
/* End PBXResourcesBuildPhase section */

/* Begin PBXSourcesBuildPhase section */
		FC38956D2CC659C400BA2784 /* Sources */ = {
			isa = PBXSourcesBuildPhase;
			buildActionMask = 2147483647;
			files = (
				FC3895DD2CC6634600BA2784 /* LocalizedString.swift in Sources */,
				FC3895CE2CC660E800BA2784 /* FeedViewModel.swift in Sources */,
				FC3895C42CC6609F00BA2784 /* FavouritesViewController.swift in Sources */,
				FC3895D62CC6611D00BA2784 /* CustomButton.swift in Sources */,
				FC3895CC2CC660E300BA2784 /* SignUpViewModel.swift in Sources */,
				FC3895BE2CC6607E00BA2784 /* SignUpViewController.swift in Sources */,
				FC3895D02CC660EE00BA2784 /* MoviesViewModel.swift in Sources */,
				FC3895C62CC660AA00BA2784 /* ProfileViewController.swift in Sources */,
				FC3895752CC659C400BA2784 /* AppDelegate.swift in Sources */,
				FC3895BA2CC6606F00BA2784 /* WelcomeViewController.swift in Sources */,
				FC3895D22CC660F700BA2784 /* FavouritesViewModel.swift in Sources */,
				FC3895772CC659C400BA2784 /* SceneDelegate.swift in Sources */,
				FC3895C82CC660D400BA2784 /* WelcomeViewModel.swift in Sources */,
				FC3895BC2CC6607700BA2784 /* SignInViewController.swift in Sources */,
				FC3895CA2CC660DA00BA2784 /* SignInViewModel.swift in Sources */,
				FC3895D42CC660FF00BA2784 /* ProfileViewModel.swift in Sources */,
				FC3895A02CC65E6900BA2784 /* AppRouter.swift in Sources */,
				FC3895C02CC6608800BA2784 /* FeedViewController.swift in Sources */,
				FC3895C22CC6609300BA2784 /* MoviesViewController.swift in Sources */,
			);
			runOnlyForDeploymentPostprocessing = 0;
		};
/* End PBXSourcesBuildPhase section */

/* Begin PBXVariantGroup section */
		FC38957F2CC659C600BA2784 /* LaunchScreen.storyboard */ = {
			isa = PBXVariantGroup;
			children = (
				FC3895802CC659C600BA2784 /* Base */,
			);
			name = LaunchScreen.storyboard;
			sourceTree = "<group>";
		};
/* End PBXVariantGroup section */

/* Begin XCBuildConfiguration section */
		FC3895832CC659C600BA2784 /* Debug */ = {
			isa = XCBuildConfiguration;
			buildSettings = {
				ALWAYS_SEARCH_USER_PATHS = NO;
				ASSETCATALOG_COMPILER_GENERATE_SWIFT_ASSET_SYMBOL_EXTENSIONS = YES;
				CLANG_ANALYZER_NONNULL = YES;
				CLANG_ANALYZER_NUMBER_OBJECT_CONVERSION = YES_AGGRESSIVE;
				CLANG_CXX_LANGUAGE_STANDARD = "gnu++20";
				CLANG_ENABLE_MODULES = YES;
				CLANG_ENABLE_OBJC_ARC = YES;
				CLANG_ENABLE_OBJC_WEAK = YES;
				CLANG_WARN_BLOCK_CAPTURE_AUTORELEASING = YES;
				CLANG_WARN_BOOL_CONVERSION = YES;
				CLANG_WARN_COMMA = YES;
				CLANG_WARN_CONSTANT_CONVERSION = YES;
				CLANG_WARN_DEPRECATED_OBJC_IMPLEMENTATIONS = YES;
				CLANG_WARN_DIRECT_OBJC_ISA_USAGE = YES_ERROR;
				CLANG_WARN_DOCUMENTATION_COMMENTS = YES;
				CLANG_WARN_EMPTY_BODY = YES;
				CLANG_WARN_ENUM_CONVERSION = YES;
				CLANG_WARN_INFINITE_RECURSION = YES;
				CLANG_WARN_INT_CONVERSION = YES;
				CLANG_WARN_NON_LITERAL_NULL_CONVERSION = YES;
				CLANG_WARN_OBJC_IMPLICIT_RETAIN_SELF = YES;
				CLANG_WARN_OBJC_LITERAL_CONVERSION = YES;
				CLANG_WARN_OBJC_ROOT_CLASS = YES_ERROR;
				CLANG_WARN_QUOTED_INCLUDE_IN_FRAMEWORK_HEADER = YES;
				CLANG_WARN_RANGE_LOOP_ANALYSIS = YES;
				CLANG_WARN_STRICT_PROTOTYPES = YES;
				CLANG_WARN_SUSPICIOUS_MOVE = YES;
				CLANG_WARN_UNGUARDED_AVAILABILITY = YES_AGGRESSIVE;
				CLANG_WARN_UNREACHABLE_CODE = YES;
				CLANG_WARN__DUPLICATE_METHOD_MATCH = YES;
				COPY_PHASE_STRIP = NO;
				DEBUG_INFORMATION_FORMAT = dwarf;
				ENABLE_STRICT_OBJC_MSGSEND = YES;
				ENABLE_TESTABILITY = YES;
				ENABLE_USER_SCRIPT_SANDBOXING = YES;
				GCC_C_LANGUAGE_STANDARD = gnu17;
				GCC_DYNAMIC_NO_PIC = NO;
				GCC_NO_COMMON_BLOCKS = YES;
				GCC_OPTIMIZATION_LEVEL = 0;
				GCC_PREPROCESSOR_DEFINITIONS = (
					"DEBUG=1",
					"$(inherited)",
				);
				GCC_WARN_64_TO_32_BIT_CONVERSION = YES;
				GCC_WARN_ABOUT_RETURN_TYPE = YES_ERROR;
				GCC_WARN_UNDECLARED_SELECTOR = YES;
				GCC_WARN_UNINITIALIZED_AUTOS = YES_AGGRESSIVE;
				GCC_WARN_UNUSED_FUNCTION = YES;
				GCC_WARN_UNUSED_VARIABLE = YES;
				IPHONEOS_DEPLOYMENT_TARGET = 16.0;
				LOCALIZATION_PREFERS_STRING_CATALOGS = YES;
				MTL_ENABLE_DEBUG_INFO = INCLUDE_SOURCE;
				MTL_FAST_MATH = YES;
				ONLY_ACTIVE_ARCH = YES;
				SDKROOT = iphoneos;
				SWIFT_ACTIVE_COMPILATION_CONDITIONS = "DEBUG $(inherited)";
				SWIFT_OPTIMIZATION_LEVEL = "-Onone";
			};
			name = Debug;
		};
		FC3895842CC659C600BA2784 /* Release */ = {
			isa = XCBuildConfiguration;
			buildSettings = {
				ALWAYS_SEARCH_USER_PATHS = NO;
				ASSETCATALOG_COMPILER_GENERATE_SWIFT_ASSET_SYMBOL_EXTENSIONS = YES;
				CLANG_ANALYZER_NONNULL = YES;
				CLANG_ANALYZER_NUMBER_OBJECT_CONVERSION = YES_AGGRESSIVE;
				CLANG_CXX_LANGUAGE_STANDARD = "gnu++20";
				CLANG_ENABLE_MODULES = YES;
				CLANG_ENABLE_OBJC_ARC = YES;
				CLANG_ENABLE_OBJC_WEAK = YES;
				CLANG_WARN_BLOCK_CAPTURE_AUTORELEASING = YES;
				CLANG_WARN_BOOL_CONVERSION = YES;
				CLANG_WARN_COMMA = YES;
				CLANG_WARN_CONSTANT_CONVERSION = YES;
				CLANG_WARN_DEPRECATED_OBJC_IMPLEMENTATIONS = YES;
				CLANG_WARN_DIRECT_OBJC_ISA_USAGE = YES_ERROR;
				CLANG_WARN_DOCUMENTATION_COMMENTS = YES;
				CLANG_WARN_EMPTY_BODY = YES;
				CLANG_WARN_ENUM_CONVERSION = YES;
				CLANG_WARN_INFINITE_RECURSION = YES;
				CLANG_WARN_INT_CONVERSION = YES;
				CLANG_WARN_NON_LITERAL_NULL_CONVERSION = YES;
				CLANG_WARN_OBJC_IMPLICIT_RETAIN_SELF = YES;
				CLANG_WARN_OBJC_LITERAL_CONVERSION = YES;
				CLANG_WARN_OBJC_ROOT_CLASS = YES_ERROR;
				CLANG_WARN_QUOTED_INCLUDE_IN_FRAMEWORK_HEADER = YES;
				CLANG_WARN_RANGE_LOOP_ANALYSIS = YES;
				CLANG_WARN_STRICT_PROTOTYPES = YES;
				CLANG_WARN_SUSPICIOUS_MOVE = YES;
				CLANG_WARN_UNGUARDED_AVAILABILITY = YES_AGGRESSIVE;
				CLANG_WARN_UNREACHABLE_CODE = YES;
				CLANG_WARN__DUPLICATE_METHOD_MATCH = YES;
				COPY_PHASE_STRIP = NO;
				DEBUG_INFORMATION_FORMAT = "dwarf-with-dsym";
				ENABLE_NS_ASSERTIONS = NO;
				ENABLE_STRICT_OBJC_MSGSEND = YES;
				ENABLE_USER_SCRIPT_SANDBOXING = YES;
				GCC_C_LANGUAGE_STANDARD = gnu17;
				GCC_NO_COMMON_BLOCKS = YES;
				GCC_WARN_64_TO_32_BIT_CONVERSION = YES;
				GCC_WARN_ABOUT_RETURN_TYPE = YES_ERROR;
				GCC_WARN_UNDECLARED_SELECTOR = YES;
				GCC_WARN_UNINITIALIZED_AUTOS = YES_AGGRESSIVE;
				GCC_WARN_UNUSED_FUNCTION = YES;
				GCC_WARN_UNUSED_VARIABLE = YES;
				IPHONEOS_DEPLOYMENT_TARGET = 16.0;
				LOCALIZATION_PREFERS_STRING_CATALOGS = YES;
				MTL_ENABLE_DEBUG_INFO = NO;
				MTL_FAST_MATH = YES;
				SDKROOT = iphoneos;
				SWIFT_COMPILATION_MODE = wholemodule;
				VALIDATE_PRODUCT = YES;
			};
			name = Release;
		};
		FC3895862CC659C600BA2784 /* Debug */ = {
			isa = XCBuildConfiguration;
			buildSettings = {
				ASSETCATALOG_COMPILER_APPICON_NAME = AppIcon;
				ASSETCATALOG_COMPILER_GLOBAL_ACCENT_COLOR_NAME = AccentColor;
				CODE_SIGN_STYLE = Automatic;
				CURRENT_PROJECT_VERSION = 1;
				DEVELOPMENT_TEAM = BUF892U9LY;
				GENERATE_INFOPLIST_FILE = YES;
				INFOPLIST_FILE = "Movie-Catalog/Resources/Info.plist";
				INFOPLIST_KEY_UIApplicationSupportsIndirectInputEvents = YES;
				INFOPLIST_KEY_UILaunchStoryboardName = LaunchScreen;
				INFOPLIST_KEY_UISupportedInterfaceOrientations_iPad = "UIInterfaceOrientationPortrait UIInterfaceOrientationPortraitUpsideDown UIInterfaceOrientationLandscapeLeft UIInterfaceOrientationLandscapeRight";
				INFOPLIST_KEY_UISupportedInterfaceOrientations_iPhone = "UIInterfaceOrientationPortrait UIInterfaceOrientationLandscapeLeft UIInterfaceOrientationLandscapeRight";
				LD_RUNPATH_SEARCH_PATHS = (
					"$(inherited)",
					"@executable_path/Frameworks",
				);
				MARKETING_VERSION = 1.0;
				PRODUCT_BUNDLE_IDENTIFIER = "tarchenko.Movie-Catalog";
				PRODUCT_NAME = "$(TARGET_NAME)";
				SWIFT_EMIT_LOC_STRINGS = YES;
				SWIFT_VERSION = 5.0;
				TARGETED_DEVICE_FAMILY = "1,2";
			};
			name = Debug;
		};
		FC3895872CC659C600BA2784 /* Release */ = {
			isa = XCBuildConfiguration;
			buildSettings = {
				ASSETCATALOG_COMPILER_APPICON_NAME = AppIcon;
				ASSETCATALOG_COMPILER_GLOBAL_ACCENT_COLOR_NAME = AccentColor;
				CODE_SIGN_STYLE = Automatic;
				CURRENT_PROJECT_VERSION = 1;
				DEVELOPMENT_TEAM = BUF892U9LY;
				GENERATE_INFOPLIST_FILE = YES;
				INFOPLIST_FILE = "Movie-Catalog/Resources/Info.plist";
				INFOPLIST_KEY_UIApplicationSupportsIndirectInputEvents = YES;
				INFOPLIST_KEY_UILaunchStoryboardName = LaunchScreen;
				INFOPLIST_KEY_UISupportedInterfaceOrientations_iPad = "UIInterfaceOrientationPortrait UIInterfaceOrientationPortraitUpsideDown UIInterfaceOrientationLandscapeLeft UIInterfaceOrientationLandscapeRight";
				INFOPLIST_KEY_UISupportedInterfaceOrientations_iPhone = "UIInterfaceOrientationPortrait UIInterfaceOrientationLandscapeLeft UIInterfaceOrientationLandscapeRight";
				LD_RUNPATH_SEARCH_PATHS = (
					"$(inherited)",
					"@executable_path/Frameworks",
				);
				MARKETING_VERSION = 1.0;
				PRODUCT_BUNDLE_IDENTIFIER = "tarchenko.Movie-Catalog";
				PRODUCT_NAME = "$(TARGET_NAME)";
				SWIFT_EMIT_LOC_STRINGS = YES;
				SWIFT_VERSION = 5.0;
				TARGETED_DEVICE_FAMILY = "1,2";
			};
			name = Release;
		};
/* End XCBuildConfiguration section */

/* Begin XCConfigurationList section */
		FC38956C2CC659C400BA2784 /* Build configuration list for PBXProject "Movie-Catalog" */ = {
			isa = XCConfigurationList;
			buildConfigurations = (
				FC3895832CC659C600BA2784 /* Debug */,
				FC3895842CC659C600BA2784 /* Release */,
			);
			defaultConfigurationIsVisible = 0;
			defaultConfigurationName = Release;
		};
		FC3895852CC659C600BA2784 /* Build configuration list for PBXNativeTarget "Movie-Catalog" */ = {
			isa = XCConfigurationList;
			buildConfigurations = (
				FC3895862CC659C600BA2784 /* Debug */,
				FC3895872CC659C600BA2784 /* Release */,
			);
			defaultConfigurationIsVisible = 0;
			defaultConfigurationName = Release;
		};
/* End XCConfigurationList section */

/* Begin XCRemoteSwiftPackageReference section */
		FC3895A12CC65E7500BA2784 /* XCRemoteSwiftPackageReference "KeychainAccess" */ = {
			isa = XCRemoteSwiftPackageReference;
			repositoryURL = "https://github.com/kishikawakatsumi/KeychainAccess";
			requirement = {
				branch = master;
				kind = branch;
			};
		};
		FC3895D72CC6614200BA2784 /* XCRemoteSwiftPackageReference "SnapKit" */ = {
			isa = XCRemoteSwiftPackageReference;
			repositoryURL = "https://github.com/SnapKit/SnapKit";
			requirement = {
				kind = upToNextMajorVersion;
				minimumVersion = 5.7.1;
			};
		};
/* End XCRemoteSwiftPackageReference section */

/* Begin XCSwiftPackageProductDependency section */
		FC3895A22CC65E7500BA2784 /* KeychainAccess */ = {
			isa = XCSwiftPackageProductDependency;
			package = FC3895A12CC65E7500BA2784 /* XCRemoteSwiftPackageReference "KeychainAccess" */;
			productName = KeychainAccess;
		};
		FC3895D82CC6614200BA2784 /* SnapKit */ = {
			isa = XCSwiftPackageProductDependency;
			package = FC3895D72CC6614200BA2784 /* XCRemoteSwiftPackageReference "SnapKit" */;
			productName = SnapKit;
		};
		FC3895DA2CC6614200BA2784 /* SnapKit-Dynamic */ = {
			isa = XCSwiftPackageProductDependency;
			package = FC3895D72CC6614200BA2784 /* XCRemoteSwiftPackageReference "SnapKit" */;
			productName = "SnapKit-Dynamic";
		};
/* End XCSwiftPackageProductDependency section */
	};
	rootObject = FC3895692CC659C400BA2784 /* Project object */;
}
